// !$*UTF8*$!
{
	archiveVersion = 1;
	classes = {
	};
	objectVersion = 48;
	objects = {

/* Begin PBXBuildFile section */
		C1BA44AA1FC3073200B6B0EA /* AppDelegate.swift in Sources */ = {isa = PBXBuildFile; fileRef = C1BA44A91FC3073200B6B0EA /* AppDelegate.swift */; };
		C1BA44AC1FC3073200B6B0EA /* ViewController.swift in Sources */ = {isa = PBXBuildFile; fileRef = C1BA44AB1FC3073200B6B0EA /* ViewController.swift */; };
		C1BA44AF1FC3073200B6B0EA /* Main.storyboard in Resources */ = {isa = PBXBuildFile; fileRef = C1BA44AD1FC3073200B6B0EA /* Main.storyboard */; };
		C1BA44B11FC3073200B6B0EA /* Assets.xcassets in Resources */ = {isa = PBXBuildFile; fileRef = C1BA44B01FC3073200B6B0EA /* Assets.xcassets */; };
		C1BA44B41FC3073200B6B0EA /* LaunchScreen.storyboard in Resources */ = {isa = PBXBuildFile; fileRef = C1BA44B21FC3073200B6B0EA /* LaunchScreen.storyboard */; };
		C1D754E31FC597CD00EC0719 /* Bullshit.swift in Sources */ = {isa = PBXBuildFile; fileRef = C1D754E21FC597CD00EC0719 /* Bullshit.swift */; };
/* End PBXBuildFile section */

/* Begin PBXFileReference section */
		C1BA44A61FC3073200B6B0EA /* BullshitFreeSpeech.app */ = {isa = PBXFileReference; explicitFileType = wrapper.application; includeInIndex = 0; path = BullshitFreeSpeech.app; sourceTree = BUILT_PRODUCTS_DIR; };
		C1BA44A91FC3073200B6B0EA /* AppDelegate.swift */ = {isa = PBXFileReference; lastKnownFileType = sourcecode.swift; path = AppDelegate.swift; sourceTree = "<group>"; };
		C1BA44AB1FC3073200B6B0EA /* ViewController.swift */ = {isa = PBXFileReference; lastKnownFileType = sourcecode.swift; path = ViewController.swift; sourceTree = "<group>"; };
		C1BA44AE1FC3073200B6B0EA /* Base */ = {isa = PBXFileReference; lastKnownFileType = file.storyboard; name = Base; path = Base.lproj/Main.storyboard; sourceTree = "<group>"; };
		C1BA44B01FC3073200B6B0EA /* Assets.xcassets */ = {isa = PBXFileReference; lastKnownFileType = folder.assetcatalog; path = Assets.xcassets; sourceTree = "<group>"; };
		C1BA44B31FC3073200B6B0EA /* Base */ = {isa = PBXFileReference; lastKnownFileType = file.storyboard; name = Base; path = Base.lproj/LaunchScreen.storyboard; sourceTree = "<group>"; };
		C1BA44B51FC3073200B6B0EA /* Info.plist */ = {isa = PBXFileReference; lastKnownFileType = text.plist.xml; path = Info.plist; sourceTree = "<group>"; };
		C1D754E21FC597CD00EC0719 /* Bullshit.swift */ = {isa = PBXFileReference; lastKnownFileType = sourcecode.swift; path = Bullshit.swift; sourceTree = "<group>"; };
/* End PBXFileReference section */

/* Begin PBXFrameworksBuildPhase section */
		C1BA44A31FC3073200B6B0EA /* Frameworks */ = {
			isa = PBXFrameworksBuildPhase;
			buildActionMask = 2147483647;
			files = (
			);
			runOnlyForDeploymentPostprocessing = 0;
		};
/* End PBXFrameworksBuildPhase section */

/* Begin PBXGroup section */
		C1BA449D1FC3073200B6B0EA = {
			isa = PBXGroup;
			children = (
				C1BA44A81FC3073200B6B0EA /* BullshitFreeSpeech */,
				C1BA44A71FC3073200B6B0EA /* Products */,
			);
			sourceTree = "<group>";
		};
		C1BA44A71FC3073200B6B0EA /* Products */ = {
			isa = PBXGroup;
			children = (
				C1BA44A61FC3073200B6B0EA /* BullshitFreeSpeech.app */,
			);
			name = Products;
			sourceTree = "<group>";
		};
		C1BA44A81FC3073200B6B0EA /* BullshitFreeSpeech */ = {
			isa = PBXGroup;
			children = (
				C1BA44A91FC3073200B6B0EA /* AppDelegate.swift */,
				C1BA44AB1FC3073200B6B0EA /* ViewController.swift */,
				C1BA44AD1FC3073200B6B0EA /* Main.storyboard */,
				C1BA44B01FC3073200B6B0EA /* Assets.xcassets */,
				C1BA44B21FC3073200B6B0EA /* LaunchScreen.storyboard */,
				C1BA44B51FC3073200B6B0EA /* Info.plist */,
				C1D754E21FC597CD00EC0719 /* Bullshit.swift */,
			);
			path = BullshitFreeSpeech;
			sourceTree = "<group>";
		};
/* End PBXGroup section */

/* Begin PBXNativeTarget section */
		C1BA44A51FC3073200B6B0EA /* BullshitFreeSpeech */ = {
			isa = PBXNativeTarget;
			buildConfigurationList = C1BA44B81FC3073200B6B0EA /* Build configuration list for PBXNativeTarget "BullshitFreeSpeech" */;
			buildPhases = (
				C1BA44A21FC3073200B6B0EA /* Sources */,
				C1BA44A31FC3073200B6B0EA /* Frameworks */,
				C1BA44A41FC3073200B6B0EA /* Resources */,
			);
			buildRules = (
			);
			dependencies = (
			);
			name = BullshitFreeSpeech;
			productName = BullshitFreeSpeech;
			productReference = C1BA44A61FC3073200B6B0EA /* BullshitFreeSpeech.app */;
			productType = "com.apple.product-type.application";
		};
/* End PBXNativeTarget section */

/* Begin PBXProject section */
		C1BA449E1FC3073200B6B0EA /* Project object */ = {
			isa = PBXProject;
			attributes = {
				LastSwiftUpdateCheck = 0910;
				LastUpgradeCheck = 0910;
				ORGANIZATIONNAME = schwarja;
				TargetAttributes = {
					C1BA44A51FC3073200B6B0EA = {
						CreatedOnToolsVersion = 9.1;
						ProvisioningStyle = Automatic;
					};
				};
			};
			buildConfigurationList = C1BA44A11FC3073200B6B0EA /* Build configuration list for PBXProject "BullshitFreeSpeech" */;
			compatibilityVersion = "Xcode 8.0";
			developmentRegion = en;
			hasScannedForEncodings = 0;
			knownRegions = (
				en,
				Base,
			);
			mainGroup = C1BA449D1FC3073200B6B0EA;
			productRefGroup = C1BA44A71FC3073200B6B0EA /* Products */;
			projectDirPath = "";
			projectRoot = "";
			targets = (
				C1BA44A51FC3073200B6B0EA /* BullshitFreeSpeech */,
			);
		};
/* End PBXProject section */

/* Begin PBXResourcesBuildPhase section */
		C1BA44A41FC3073200B6B0EA /* Resources */ = {
			isa = PBXResourcesBuildPhase;
			buildActionMask = 2147483647;
			files = (
				C1BA44B41FC3073200B6B0EA /* LaunchScreen.storyboard in Resources */,
				C1BA44B11FC3073200B6B0EA /* Assets.xcassets in Resources */,
				C1BA44AF1FC3073200B6B0EA /* Main.storyboard in Resources */,
			);
			runOnlyForDeploymentPostprocessing = 0;
		};
/* End PBXResourcesBuildPhase section */

/* Begin PBXSourcesBuildPhase section */
		C1BA44A21FC3073200B6B0EA /* Sources */ = {
			isa = PBXSourcesBuildPhase;
			buildActionMask = 2147483647;
			files = (
				C1D754E31FC597CD00EC0719 /* Bullshit.swift in Sources */,
				C1BA44AC1FC3073200B6B0EA /* ViewController.swift in Sources */,
				C1BA44AA1FC3073200B6B0EA /* AppDelegate.swift in Sources */,
			);
			runOnlyForDeploymentPostprocessing = 0;
		};
/* End PBXSourcesBuildPhase section */

/* Begin PBXVariantGroup section */
		C1BA44AD1FC3073200B6B0EA /* Main.storyboard */ = {
			isa = PBXVariantGroup;
			children = (
				C1BA44AE1FC3073200B6B0EA /* Base */,
			);
			name = Main.storyboard;
			sourceTree = "<group>";
		};
		C1BA44B21FC3073200B6B0EA /* LaunchScreen.storyboard */ = {
			isa = PBXVariantGroup;
			children = (
				C1BA44B31FC3073200B6B0EA /* Base */,
			);
			name = LaunchScreen.storyboard;
			sourceTree = "<group>";
		};
/* End PBXVariantGroup section */

/* Begin XCBuildConfiguration section */
		C1BA44B61FC3073200B6B0EA /* Debug */ = {
			isa = XCBuildConfiguration;
			buildSettings = {
				ALWAYS_SEARCH_USER_PATHS = NO;
				CLANG_ANALYZER_NONNULL = YES;
				CLANG_ANALYZER_NUMBER_OBJECT_CONVERSION = YES_AGGRESSIVE;
				CLANG_CXX_LANGUAGE_STANDARD = "gnu++14";
				CLANG_CXX_LIBRARY = "libc++";
				CLANG_ENABLE_MODULES = YES;
				CLANG_ENABLE_OBJC_ARC = YES;
				CLANG_WARN_BLOCK_CAPTURE_AUTORELEASING = YES;
				CLANG_WARN_BOOL_CONVERSION = YES;
				CLANG_WARN_COMMA = YES;
				CLANG_WARN_CONSTANT_CONVERSION = YES;
				CLANG_WARN_DIRECT_OBJC_ISA_USAGE = YES_ERROR;
				CLANG_WARN_DOCUMENTATION_COMMENTS = YES;
				CLANG_WARN_EMPTY_BODY = YES;
				CLANG_WARN_ENUM_CONVERSION = YES;
				CLANG_WARN_INFINITE_RECURSION = YES;
				CLANG_WARN_INT_CONVERSION = YES;
				CLANG_WARN_NON_LITERAL_NULL_CONVERSION = YES;
				CLANG_WARN_OBJC_LITERAL_CONVERSION = YES;
				CLANG_WARN_OBJC_ROOT_CLASS = YES_ERROR;
				CLANG_WARN_RANGE_LOOP_ANALYSIS = YES;
				CLANG_WARN_STRICT_PROTOTYPES = YES;
				CLANG_WARN_SUSPICIOUS_MOVE = YES;
				CLANG_WARN_UNGUARDED_AVAILABILITY = YES_AGGRESSIVE;
				CLANG_WARN_UNREACHABLE_CODE = YES;
				CLANG_WARN__DUPLICATE_METHOD_MATCH = YES;
				CODE_SIGN_IDENTITY = "iPhone Developer";
				COPY_PHASE_STRIP = NO;
				DEBUG_INFORMATION_FORMAT = dwarf;
				ENABLE_STRICT_OBJC_MSGSEND = YES;
				ENABLE_TESTABILITY = YES;
				GCC_C_LANGUAGE_STANDARD = gnu11;
				GCC_DYNAMIC_NO_PIC = NO;
				GCC_NO_COMMON_BLOCKS = YES;
				GCC_OPTIMIZATION_LEVEL = 0;
				GCC_PREPROCESSOR_DEFINITIONS = (
					"DEBUG=1",
					"$(inherited)",
				);
				GCC_WARN_64_TO_32_BIT_CONVERSION = YES;
				GCC_WARN_ABOUT_RETURN_TYPE = YES_ERROR;
				GCC_WARN_UNDECLARED_SELECTOR = YES;
				GCC_WARN_UNINITIALIZED_AUTOS = YES_AGGRESSIVE;
				GCC_WARN_UNUSED_FUNCTION = YES;
				GCC_WARN_UNUSED_VARIABLE = YES;
				IPHONEOS_DEPLOYMENT_TARGET = 11.1;
				MTL_ENABLE_DEBUG_INFO = YES;
				ONLY_ACTIVE_ARCH = YES;
				SDKROOT = iphoneos;
				SWIFT_ACTIVE_COMPILATION_CONDITIONS = DEBUG;
				SWIFT_OPTIMIZATION_LEVEL = "-Onone";
			};
			name = Debug;
		};
		C1BA44B71FC3073200B6B0EA /* Release */ = {
			isa = XCBuildConfiguration;
			buildSettings = {
				ALWAYS_SEARCH_USER_PATHS = NO;
				CLANG_ANALYZER_NONNULL = YES;
				CLANG_ANALYZER_NUMBER_OBJECT_CONVERSION = YES_AGGRESSIVE;
				CLANG_CXX_LANGUAGE_STANDARD = "gnu++14";
				CLANG_CXX_LIBRARY = "libc++";
				CLANG_ENABLE_MODULES = YES;
				CLANG_ENABLE_OBJC_ARC = YES;
				CLANG_WARN_BLOCK_CAPTURE_AUTORELEASING = YES;
				CLANG_WARN_BOOL_CONVERSION = YES;
				CLANG_WARN_COMMA = YES;
				CLANG_WARN_CONSTANT_CONVERSION = YES;
				CLANG_WARN_DIRECT_OBJC_ISA_USAGE = YES_ERROR;
				CLANG_WARN_DOCUMENTATION_COMMENTS = YES;
				CLANG_WARN_EMPTY_BODY = YES;
				CLANG_WARN_ENUM_CONVERSION = YES;
				CLANG_WARN_INFINITE_RECURSION = YES;
				CLANG_WARN_INT_CONVERSION = YES;
				CLANG_WARN_NON_LITERAL_NULL_CONVERSION = YES;
				CLANG_WARN_OBJC_LITERAL_CONVERSION = YES;
				CLANG_WARN_OBJC_ROOT_CLASS = YES_ERROR;
				CLANG_WARN_RANGE_LOOP_ANALYSIS = YES;
				CLANG_WARN_STRICT_PROTOTYPES = YES;
				CLANG_WARN_SUSPICIOUS_MOVE = YES;
				CLANG_WARN_UNGUARDED_AVAILABILITY = YES_AGGRESSIVE;
				CLANG_WARN_UNREACHABLE_CODE = YES;
				CLANG_WARN__DUPLICATE_METHOD_MATCH = YES;
				CODE_SIGN_IDENTITY = "iPhone Developer";
				COPY_PHASE_STRIP = NO;
				DEBUG_INFORMATION_FORMAT = "dwarf-with-dsym";
				ENABLE_NS_ASSERTIONS = NO;
				ENABLE_STRICT_OBJC_MSGSEND = YES;
				GCC_C_LANGUAGE_STANDARD = gnu11;
				GCC_NO_COMMON_BLOCKS = YES;
				GCC_WARN_64_TO_32_BIT_CONVERSION = YES;
				GCC_WARN_ABOUT_RETURN_TYPE = YES_ERROR;
				GCC_WARN_UNDECLARED_SELECTOR = YES;
				GCC_WARN_UNINITIALIZED_AUTOS = YES_AGGRESSIVE;
				GCC_WARN_UNUSED_FUNCTION = YES;
				GCC_WARN_UNUSED_VARIABLE = YES;
				IPHONEOS_DEPLOYMENT_TARGET = 11.1;
				MTL_ENABLE_DEBUG_INFO = NO;
				SDKROOT = iphoneos;
				SWIFT_OPTIMIZATION_LEVEL = "-Owholemodule";
				VALIDATE_PRODUCT = YES;
			};
			name = Release;
		};
		C1BA44B91FC3073200B6B0EA /* Debug */ = {
			isa = XCBuildConfiguration;
			buildSettings = {
				ASSETCATALOG_COMPILER_APPICON_NAME = AppIcon;
				CODE_SIGN_STYLE = Automatic;
				DEVELOPMENT_TEAM = AV29J8RAE8;
				INFOPLIST_FILE = BullshitFreeSpeech/Info.plist;
				LD_RUNPATH_SEARCH_PATHS = "$(inherited) @executable_path/Frameworks";
				PRODUCT_BUNDLE_IDENTIFIER = com.schwarja.BullshitFreeSpeech;
				PRODUCT_NAME = "$(TARGET_NAME)";
				SWIFT_VERSION = 4.0;
				TARGETED_DEVICE_FAMILY = "1,2";
			};
			name = Debug;
		};
		C1BA44BA1FC3073200B6B0EA /* Release */ = {
			isa = XCBuildConfiguration;
			buildSettings = {
				ASSETCATALOG_COMPILER_APPICON_NAME = AppIcon;
				CODE_SIGN_STYLE = Automatic;
				DEVELOPMENT_TEAM = AV29J8RAE8;
				INFOPLIST_FILE = BullshitFreeSpeech/Info.plist;
				LD_RUNPATH_SEARCH_PATHS = "$(inherited) @executable_path/Frameworks";
				PRODUCT_BUNDLE_IDENTIFIER = com.schwarja.BullshitFreeSpeech;
				PRODUCT_NAME = "$(TARGET_NAME)";
				SWIFT_VERSION = 4.0;
				TARGETED_DEVICE_FAMILY = "1,2";
			};
			name = Release;
		};
/* End XCBuildConfiguration section */

/* Begin XCConfigurationList section */
		C1BA44A11FC3073200B6B0EA /* Build configuration list for PBXProject "BullshitFreeSpeech" */ = {
			isa = XCConfigurationList;
			buildConfigurations = (
				C1BA44B61FC3073200B6B0EA /* Debug */,
				C1BA44B71FC3073200B6B0EA /* Release */,
			);
			defaultConfigurationIsVisible = 0;
			defaultConfigurationName = Release;
		};
		C1BA44B81FC3073200B6B0EA /* Build configuration list for PBXNativeTarget "BullshitFreeSpeech" */ = {
			isa = XCConfigurationList;
			buildConfigurations = (
				C1BA44B91FC3073200B6B0EA /* Debug */,
				C1BA44BA1FC3073200B6B0EA /* Release */,
			);
			defaultConfigurationIsVisible = 0;
			defaultConfigurationName = Release;
		};
/* End XCConfigurationList section */
	};
	rootObject = C1BA449E1FC3073200B6B0EA /* Project object */;
}
